// !$*UTF8*$!
{
	archiveVersion = 1;
	classes = {
	};
	objectVersion = 77;
	objects = {

/* Begin PBXBuildFile section */
		0519CD512DFEB35B004926F8 /* MFNativeValue.swift in Sources */ = {isa = PBXBuildFile; fileRef = 0519CD502DFEB35B004926F8 /* MFNativeValue.swift */; };
		0519CD522DFEB35B004926F8 /* MFNativeValue.swift in Sources */ = {isa = PBXBuildFile; fileRef = 0519CD502DFEB35B004926F8 /* MFNativeValue.swift */; };
		0544D2162E27E66B00D67A4F /* MFContext.swift in Sources */ = {isa = PBXBuildFile; fileRef = 0544D2152E27E66B00D67A4F /* MFContext.swift */; };
		0544D2172E27E66B00D67A4F /* MFContext.swift in Sources */ = {isa = PBXBuildFile; fileRef = 0544D2152E27E66B00D67A4F /* MFContext.swift */; };
		0596491F2E5AEF03003A2595 /* MFImageView.swift in Sources */ = {isa = PBXBuildFile; fileRef = 0596491E2E5AEF03003A2595 /* MFImageView.swift */; };
		059649202E5AEF03003A2595 /* MFImageView.swift in Sources */ = {isa = PBXBuildFile; fileRef = 0596491E2E5AEF03003A2595 /* MFImageView.swift */; };
		05A0FC382E2558940021DF4A /* MFButton.swift in Sources */ = {isa = PBXBuildFile; fileRef = 05A0FC372E2558940021DF4A /* MFButton.swift */; };
		05A0FC392E2558940021DF4A /* MFButton.swift in Sources */ = {isa = PBXBuildFile; fileRef = 05A0FC372E2558940021DF4A /* MFButton.swift */; };
		05A0FC4C2E2716780021DF4A /* MultiDataKit.xcframework in Frameworks */ = {isa = PBXBuildFile; fileRef = 05BDD2C62DFD6BD500D4372C /* MultiDataKit.xcframework */; };
		05A0FC4D2E2716780021DF4A /* MultiDataKit.xcframework in Embed Frameworks */ = {isa = PBXBuildFile; fileRef = 05BDD2C62DFD6BD500D4372C /* MultiDataKit.xcframework */; settings = {ATTRIBUTES = (CodeSignOnCopy, RemoveHeadersOnCopy, ); }; };
		05A0FC4E2E2716780021DF4A /* MultiFrameKit.xcframework in Frameworks */ = {isa = PBXBuildFile; fileRef = 05EEB7162E06FEC7000CC067 /* MultiFrameKit.xcframework */; };
		05A0FC4F2E2716780021DF4A /* MultiFrameKit.xcframework in Embed Frameworks */ = {isa = PBXBuildFile; fileRef = 05EEB7162E06FEC7000CC067 /* MultiFrameKit.xcframework */; settings = {ATTRIBUTES = (CodeSignOnCopy, RemoveHeadersOnCopy, ); }; };
		05A0FC502E2716780021DF4A /* MultiUIKit.xcframework in Frameworks */ = {isa = PBXBuildFile; fileRef = 05EEB6C12E06F73A000CC067 /* MultiUIKit.xcframework */; };
		05A0FC512E2716780021DF4A /* MultiUIKit.xcframework in Embed Frameworks */ = {isa = PBXBuildFile; fileRef = 05EEB6C12E06F73A000CC067 /* MultiUIKit.xcframework */; settings = {ATTRIBUTES = (CodeSignOnCopy, RemoveHeadersOnCopy, ); }; };
		05B0FB3D2E31387C00C7FAC6 /* MFStack.swift in Sources */ = {isa = PBXBuildFile; fileRef = 05B0FB3C2E31387C00C7FAC6 /* MFStack.swift */; };
		05B0FB3E2E31387C00C7FAC6 /* MFStack.swift in Sources */ = {isa = PBXBuildFile; fileRef = 05B0FB3C2E31387C00C7FAC6 /* MFStack.swift */; };
		05BDD2C32DFD678F00D4372C /* MFFrame.swift in Sources */ = {isa = PBXBuildFile; fileRef = 05BDD2C22DFD678F00D4372C /* MFFrame.swift */; };
		05BDD2C42DFD678F00D4372C /* MFFrame.swift in Sources */ = {isa = PBXBuildFile; fileRef = 05BDD2C22DFD678F00D4372C /* MFFrame.swift */; };
		05BDD2C72DFD6BD500D4372C /* MultiDataKit.xcframework in Frameworks */ = {isa = PBXBuildFile; fileRef = 05BDD2C62DFD6BD500D4372C /* MultiDataKit.xcframework */; };
		05BDD2CA2DFD6BF200D4372C /* MultiDataKit.xcframework in Frameworks */ = {isa = PBXBuildFile; fileRef = 05BDD2C62DFD6BD500D4372C /* MultiDataKit.xcframework */; };
		05BDD2E12DFD866900D4372C /* MFObserverDictionary.swift in Sources */ = {isa = PBXBuildFile; fileRef = 05BDD2E02DFD866900D4372C /* MFObserverDictionary.swift */; };
		05BDD2E22DFD866900D4372C /* MFObserverDictionary.swift in Sources */ = {isa = PBXBuildFile; fileRef = 05BDD2E02DFD866900D4372C /* MFObserverDictionary.swift */; };
		05CED89E2E06CC110028C549 /* MFConsole.swift in Sources */ = {isa = PBXBuildFile; fileRef = 05CED89D2E06CC110028C549 /* MFConsole.swift */; };
		05CED89F2E06CC110028C549 /* MFConsole.swift in Sources */ = {isa = PBXBuildFile; fileRef = 05CED89D2E06CC110028C549 /* MFConsole.swift */; };
		05E346DA2E2BBABA009DFD0D /* MFDropView.swift in Sources */ = {isa = PBXBuildFile; fileRef = 05E346D92E2BBABA009DFD0D /* MFDropView.swift */; };
		05E346DB2E2BBABA009DFD0D /* MFDropView.swift in Sources */ = {isa = PBXBuildFile; fileRef = 05E346D92E2BBABA009DFD0D /* MFDropView.swift */; };
		05EEB6C22E06F73A000CC067 /* MultiUIKit.xcframework in Frameworks */ = {isa = PBXBuildFile; fileRef = 05EEB6C12E06F73A000CC067 /* MultiUIKit.xcframework */; };
		05EEB6C52E06F74C000CC067 /* MultiUIKit.xcframework in Frameworks */ = {isa = PBXBuildFile; fileRef = 05EEB6C12E06F73A000CC067 /* MultiUIKit.xcframework */; };
		05EEB71A2E07000F000CC067 /* MultiDataKit.xcframework in Frameworks */ = {isa = PBXBuildFile; fileRef = 05BDD2C62DFD6BD500D4372C /* MultiDataKit.xcframework */; settings = {ATTRIBUTES = (Required, ); }; };
		05EEB71B2E07000F000CC067 /* MultiFrameKit.xcframework in Frameworks */ = {isa = PBXBuildFile; fileRef = 05EEB7162E06FEC7000CC067 /* MultiFrameKit.xcframework */; };
		05EEB71C2E07000F000CC067 /* MultiUIKit.xcframework in Frameworks */ = {isa = PBXBuildFile; fileRef = 05EEB6C12E06F73A000CC067 /* MultiUIKit.xcframework */; };
		05FA0E522DFF0F7D00FB254C /* MFScriptValue.swift in Sources */ = {isa = PBXBuildFile; fileRef = 05FA0E512DFF0F7D00FB254C /* MFScriptValue.swift */; };
		05FA0E532DFF0F7D00FB254C /* MFScriptValue.swift in Sources */ = {isa = PBXBuildFile; fileRef = 05FA0E512DFF0F7D00FB254C /* MFScriptValue.swift */; };
/* End PBXBuildFile section */

/* Begin PBXContainerItemProxy section */
		05E137B82DFD5E0B00D668A1 /* PBXContainerItemProxy */ = {
			isa = PBXContainerItemProxy;
			containerPortal = 05E137912DFD5D8100D668A1 /* Project object */;
			proxyType = 1;
			remoteGlobalIDString = 05E137AA2DFD5DD400D668A1;
			remoteInfo = MultiFrameKit_iOS;
		};
		05E137BA2DFD5E0B00D668A1 /* PBXContainerItemProxy */ = {
			isa = PBXContainerItemProxy;
			containerPortal = 05E137912DFD5D8100D668A1 /* Project object */;
			proxyType = 1;
			remoteGlobalIDString = 05E137992DFD5D8100D668A1;
			remoteInfo = MultiFrameKit_macOS;
		};
/* End PBXContainerItemProxy section */

/* Begin PBXCopyFilesBuildPhase section */
		05A0FC522E2716780021DF4A /* Embed Frameworks */ = {
			isa = PBXCopyFilesBuildPhase;
			buildActionMask = 2147483647;
			dstPath = "";
			dstSubfolderSpec = 10;
			files = (
				05A0FC4F2E2716780021DF4A /* MultiFrameKit.xcframework in Embed Frameworks */,
				05A0FC512E2716780021DF4A /* MultiUIKit.xcframework in Embed Frameworks */,
				05A0FC4D2E2716780021DF4A /* MultiDataKit.xcframework in Embed Frameworks */,
			);
			name = "Embed Frameworks";
			runOnlyForDeploymentPostprocessing = 0;
		};
/* End PBXCopyFilesBuildPhase section */

/* Begin PBXFileReference section */
		0519CD502DFEB35B004926F8 /* MFNativeValue.swift */ = {isa = PBXFileReference; lastKnownFileType = sourcecode.swift; path = MFNativeValue.swift; sourceTree = "<group>"; };
		0544D2152E27E66B00D67A4F /* MFContext.swift */ = {isa = PBXFileReference; lastKnownFileType = sourcecode.swift; path = MFContext.swift; sourceTree = "<group>"; };
		059207F42E0A4CE600E19709 /* UnitTest_iOS.app */ = {isa = PBXFileReference; explicitFileType = wrapper.application; includeInIndex = 0; path = UnitTest_iOS.app; sourceTree = BUILT_PRODUCTS_DIR; };
		0596491E2E5AEF03003A2595 /* MFImageView.swift */ = {isa = PBXFileReference; lastKnownFileType = sourcecode.swift; path = MFImageView.swift; sourceTree = "<group>"; };
		05A0FC372E2558940021DF4A /* MFButton.swift */ = {isa = PBXFileReference; lastKnownFileType = sourcecode.swift; path = MFButton.swift; sourceTree = "<group>"; };
		05B0FB3C2E31387C00C7FAC6 /* MFStack.swift */ = {isa = PBXFileReference; lastKnownFileType = sourcecode.swift; path = MFStack.swift; sourceTree = "<group>"; };
		05BDD2C22DFD678F00D4372C /* MFFrame.swift */ = {isa = PBXFileReference; lastKnownFileType = sourcecode.swift; path = MFFrame.swift; sourceTree = "<group>"; };
		05BDD2C62DFD6BD500D4372C /* MultiDataKit.xcframework */ = {isa = PBXFileReference; lastKnownFileType = wrapper.xcframework; name = MultiDataKit.xcframework; path = ../../../Library/Frameworks/MultiDataKit.xcframework; sourceTree = "<group>"; };
		05BDD2E02DFD866900D4372C /* MFObserverDictionary.swift */ = {isa = PBXFileReference; lastKnownFileType = sourcecode.swift; path = MFObserverDictionary.swift; sourceTree = "<group>"; };
		05CED89D2E06CC110028C549 /* MFConsole.swift */ = {isa = PBXFileReference; lastKnownFileType = sourcecode.swift; path = MFConsole.swift; sourceTree = "<group>"; };
		05E1379A2DFD5D8100D668A1 /* MultiFrameKit.framework */ = {isa = PBXFileReference; explicitFileType = wrapper.framework; includeInIndex = 0; path = MultiFrameKit.framework; sourceTree = BUILT_PRODUCTS_DIR; };
		05E137AB2DFD5DD400D668A1 /* MultiFrameKit.framework */ = {isa = PBXFileReference; explicitFileType = wrapper.framework; includeInIndex = 0; path = MultiFrameKit.framework; sourceTree = BUILT_PRODUCTS_DIR; };
		05E346D92E2BBABA009DFD0D /* MFDropView.swift */ = {isa = PBXFileReference; lastKnownFileType = sourcecode.swift; path = MFDropView.swift; sourceTree = "<group>"; };
		05EEB6C12E06F73A000CC067 /* MultiUIKit.xcframework */ = {isa = PBXFileReference; lastKnownFileType = wrapper.xcframework; name = MultiUIKit.xcframework; path = ../../../Library/Frameworks/MultiUIKit.xcframework; sourceTree = "<group>"; };
		05EEB7162E06FEC7000CC067 /* MultiFrameKit.xcframework */ = {isa = PBXFileReference; lastKnownFileType = wrapper.xcframework; name = MultiFrameKit.xcframework; path = ../../../Library/Frameworks/MultiFrameKit.xcframework; sourceTree = "<group>"; };
		05FA0E512DFF0F7D00FB254C /* MFScriptValue.swift */ = {isa = PBXFileReference; lastKnownFileType = sourcecode.swift; path = MFScriptValue.swift; sourceTree = "<group>"; };
		05FA0E582E02664300FB254C /* UnitTest_macOS.app */ = {isa = PBXFileReference; explicitFileType = wrapper.application; includeInIndex = 0; path = UnitTest_macOS.app; sourceTree = BUILT_PRODUCTS_DIR; };
/* End PBXFileReference section */

/* Begin PBXFileSystemSynchronizedBuildFileExceptionSet section */
		059208072E0A4CE800E19709 /* Exceptions for "UnitTest_iOS" folder in "UnitTest_iOS" target */ = {
			isa = PBXFileSystemSynchronizedBuildFileExceptionSet;
			membershipExceptions = (
				Info.plist,
			);
			target = 059207F32E0A4CE600E19709 /* UnitTest_iOS */;
		};
/* End PBXFileSystemSynchronizedBuildFileExceptionSet section */

/* Begin PBXFileSystemSynchronizedRootGroup section */
		059207F52E0A4CE600E19709 /* UnitTest_iOS */ = {
			isa = PBXFileSystemSynchronizedRootGroup;
			exceptions = (
				059208072E0A4CE800E19709 /* Exceptions for "UnitTest_iOS" folder in "UnitTest_iOS" target */,
			);
			path = UnitTest_iOS;
			sourceTree = "<group>";
		};
		05E1379C2DFD5D8100D668A1 /* MultiFrameKit_macOS */ = {
			isa = PBXFileSystemSynchronizedRootGroup;
			path = MultiFrameKit_macOS;
			sourceTree = "<group>";
		};
		05E137AC2DFD5DD400D668A1 /* MultiFrameKit_iOS */ = {
			isa = PBXFileSystemSynchronizedRootGroup;
			path = MultiFrameKit_iOS;
			sourceTree = "<group>";
		};
		05FA0E592E02664300FB254C /* UnitTest_macOS */ = {
			isa = PBXFileSystemSynchronizedRootGroup;
			path = UnitTest_macOS;
			sourceTree = "<group>";
		};
/* End PBXFileSystemSynchronizedRootGroup section */

/* Begin PBXFrameworksBuildPhase section */
		059207F12E0A4CE600E19709 /* Frameworks */ = {
			isa = PBXFrameworksBuildPhase;
			buildActionMask = 2147483647;
			files = (
				05A0FC4E2E2716780021DF4A /* MultiFrameKit.xcframework in Frameworks */,
				05A0FC502E2716780021DF4A /* MultiUIKit.xcframework in Frameworks */,
				05A0FC4C2E2716780021DF4A /* MultiDataKit.xcframework in Frameworks */,
			);
			runOnlyForDeploymentPostprocessing = 0;
		};
		05E137972DFD5D8100D668A1 /* Frameworks */ = {
			isa = PBXFrameworksBuildPhase;
			buildActionMask = 2147483647;
			files = (
				05EEB6C22E06F73A000CC067 /* MultiUIKit.xcframework in Frameworks */,
				05BDD2C72DFD6BD500D4372C /* MultiDataKit.xcframework in Frameworks */,
			);
			runOnlyForDeploymentPostprocessing = 0;
		};
		05E137A82DFD5DD400D668A1 /* Frameworks */ = {
			isa = PBXFrameworksBuildPhase;
			buildActionMask = 2147483647;
			files = (
				05EEB6C52E06F74C000CC067 /* MultiUIKit.xcframework in Frameworks */,
				05BDD2CA2DFD6BF200D4372C /* MultiDataKit.xcframework in Frameworks */,
			);
			runOnlyForDeploymentPostprocessing = 0;
		};
		05EEB7192E06FFEE000CC067 /* Frameworks */ = {
			isa = PBXFrameworksBuildPhase;
			buildActionMask = 2147483647;
			files = (
				05EEB71A2E07000F000CC067 /* MultiDataKit.xcframework in Frameworks */,
				05EEB71B2E07000F000CC067 /* MultiFrameKit.xcframework in Frameworks */,
				05EEB71C2E07000F000CC067 /* MultiUIKit.xcframework in Frameworks */,
			);
			runOnlyForDeploymentPostprocessing = 0;
		};
/* End PBXFrameworksBuildPhase section */

/* Begin PBXGroup section */
		05A0FBED2E2555570021DF4A /* Controls */ = {
			isa = PBXGroup;
			children = (
				05A0FC372E2558940021DF4A /* MFButton.swift */,
				05E346D92E2BBABA009DFD0D /* MFDropView.swift */,
				0596491E2E5AEF03003A2595 /* MFImageView.swift */,
				05B0FB3C2E31387C00C7FAC6 /* MFStack.swift */,
			);
			path = Controls;
			sourceTree = "<group>";
		};
		05BDD2C02DFD672800D4372C /* Source */ = {
			isa = PBXGroup;
			children = (
				05BDD2C12DFD674E00D4372C /* Base */,
				05A0FBED2E2555570021DF4A /* Controls */,
			);
			name = Source;
			path = ../Source;
			sourceTree = "<group>";
		};
		05BDD2C12DFD674E00D4372C /* Base */ = {
			isa = PBXGroup;
			children = (
				05CED89D2E06CC110028C549 /* MFConsole.swift */,
				0544D2152E27E66B00D67A4F /* MFContext.swift */,
				05BDD2C22DFD678F00D4372C /* MFFrame.swift */,
				05BDD2E02DFD866900D4372C /* MFObserverDictionary.swift */,
				0519CD502DFEB35B004926F8 /* MFNativeValue.swift */,
				05FA0E512DFF0F7D00FB254C /* MFScriptValue.swift */,
			);
			path = Base;
			sourceTree = "<group>";
		};
		05BDD2C52DFD6BD500D4372C /* Frameworks */ = {
			isa = PBXGroup;
			children = (
				05EEB7162E06FEC7000CC067 /* MultiFrameKit.xcframework */,
				05EEB6C12E06F73A000CC067 /* MultiUIKit.xcframework */,
				05BDD2C62DFD6BD500D4372C /* MultiDataKit.xcframework */,
			);
			name = Frameworks;
			sourceTree = "<group>";
		};
		05E137902DFD5D8100D668A1 = {
			isa = PBXGroup;
			children = (
				05E1379C2DFD5D8100D668A1 /* MultiFrameKit_macOS */,
				05E137AC2DFD5DD400D668A1 /* MultiFrameKit_iOS */,
				05BDD2C02DFD672800D4372C /* Source */,
				05FA0E6A2E03009800FB254C /* Resource */,
				05FA0E672E02665300FB254C /* Test */,
				05BDD2C52DFD6BD500D4372C /* Frameworks */,
				05E1379B2DFD5D8100D668A1 /* Products */,
			);
			sourceTree = "<group>";
		};
		05E1379B2DFD5D8100D668A1 /* Products */ = {
			isa = PBXGroup;
			children = (
				05E1379A2DFD5D8100D668A1 /* MultiFrameKit.framework */,
				05E137AB2DFD5DD400D668A1 /* MultiFrameKit.framework */,
				05FA0E582E02664300FB254C /* UnitTest_macOS.app */,
				059207F42E0A4CE600E19709 /* UnitTest_iOS.app */,
			);
			name = Products;
			sourceTree = "<group>";
		};
		05FA0E672E02665300FB254C /* Test */ = {
			isa = PBXGroup;
			children = (
				059207F52E0A4CE600E19709 /* UnitTest_iOS */,
				05FA0E592E02664300FB254C /* UnitTest_macOS */,
			);
			name = Test;
			path = ../Test;
			sourceTree = "<group>";
		};
		05FA0E6A2E03009800FB254C /* Resource */ = {
			isa = PBXGroup;
			children = (
			);
			name = Resource;
			path = ../Resource;
			sourceTree = "<group>";
		};
/* End PBXGroup section */

/* Begin PBXHeadersBuildPhase section */
		05E137952DFD5D8100D668A1 /* Headers */ = {
			isa = PBXHeadersBuildPhase;
			buildActionMask = 2147483647;
			files = (
			);
			runOnlyForDeploymentPostprocessing = 0;
		};
		05E137A62DFD5DD400D668A1 /* Headers */ = {
			isa = PBXHeadersBuildPhase;
			buildActionMask = 2147483647;
			files = (
			);
			runOnlyForDeploymentPostprocessing = 0;
		};
/* End PBXHeadersBuildPhase section */

/* Begin PBXLegacyTarget section */
		05E137B42DFD5E0200D668A1 /* Install */ = {
			isa = PBXLegacyTarget;
			buildArgumentsString = "-f ../Script/install.mk";
			buildConfigurationList = 05E137B52DFD5E0200D668A1 /* Build configuration list for PBXLegacyTarget "Install" */;
			buildPhases = (
			);
			buildToolPath = /usr/bin/make;
			buildWorkingDirectory = "";
			dependencies = (
				05E137B92DFD5E0B00D668A1 /* PBXTargetDependency */,
				05E137BB2DFD5E0B00D668A1 /* PBXTargetDependency */,
			);
			name = Install;
			packageProductDependencies = (
			);
			passBuildSettingsInEnvironment = 1;
			productName = Install;
		};
/* End PBXLegacyTarget section */

/* Begin PBXNativeTarget section */
		059207F32E0A4CE600E19709 /* UnitTest_iOS */ = {
			isa = PBXNativeTarget;
			buildConfigurationList = 059208082E0A4CE800E19709 /* Build configuration list for PBXNativeTarget "UnitTest_iOS" */;
			buildPhases = (
				059207F02E0A4CE600E19709 /* Sources */,
				059207F12E0A4CE600E19709 /* Frameworks */,
				059207F22E0A4CE600E19709 /* Resources */,
				05A0FC522E2716780021DF4A /* Embed Frameworks */,
			);
			buildRules = (
			);
			dependencies = (
			);
			fileSystemSynchronizedGroups = (
				059207F52E0A4CE600E19709 /* UnitTest_iOS */,
			);
			name = UnitTest_iOS;
			packageProductDependencies = (
			);
			productName = UnitTest_iOS;
			productReference = 059207F42E0A4CE600E19709 /* UnitTest_iOS.app */;
			productType = "com.apple.product-type.application";
		};
		05E137992DFD5D8100D668A1 /* MultiFrameKit_macOS */ = {
			isa = PBXNativeTarget;
			buildConfigurationList = 05E137A32DFD5D8100D668A1 /* Build configuration list for PBXNativeTarget "MultiFrameKit_macOS" */;
			buildPhases = (
				05E137952DFD5D8100D668A1 /* Headers */,
				05E137962DFD5D8100D668A1 /* Sources */,
				05E137972DFD5D8100D668A1 /* Frameworks */,
			);
			buildRules = (
			);
			dependencies = (
			);
			fileSystemSynchronizedGroups = (
				05E1379C2DFD5D8100D668A1 /* MultiFrameKit_macOS */,
			);
			name = MultiFrameKit_macOS;
			packageProductDependencies = (
			);
			productName = MultiFrameKit;
			productReference = 05E1379A2DFD5D8100D668A1 /* MultiFrameKit.framework */;
			productType = "com.apple.product-type.framework";
		};
		05E137AA2DFD5DD400D668A1 /* MultiFrameKit_iOS */ = {
			isa = PBXNativeTarget;
			buildConfigurationList = 05E137B12DFD5DD400D668A1 /* Build configuration list for PBXNativeTarget "MultiFrameKit_iOS" */;
			buildPhases = (
				05E137A62DFD5DD400D668A1 /* Headers */,
				05E137A72DFD5DD400D668A1 /* Sources */,
				05E137A82DFD5DD400D668A1 /* Frameworks */,
			);
			buildRules = (
			);
			dependencies = (
			);
			fileSystemSynchronizedGroups = (
				05E137AC2DFD5DD400D668A1 /* MultiFrameKit_iOS */,
			);
			name = MultiFrameKit_iOS;
			packageProductDependencies = (
			);
			productName = MultiFrameKit_iOS;
			productReference = 05E137AB2DFD5DD400D668A1 /* MultiFrameKit.framework */;
			productType = "com.apple.product-type.framework";
		};
		05FA0E572E02664300FB254C /* UnitTest_macOS */ = {
			isa = PBXNativeTarget;
			buildConfigurationList = 05FA0E642E02664500FB254C /* Build configuration list for PBXNativeTarget "UnitTest_macOS" */;
			buildPhases = (
				05FA0E542E02664300FB254C /* Sources */,
				05FA0E562E02664300FB254C /* Resources */,
				05EEB7192E06FFEE000CC067 /* Frameworks */,
			);
			buildRules = (
			);
			dependencies = (
			);
			fileSystemSynchronizedGroups = (
				05FA0E592E02664300FB254C /* UnitTest_macOS */,
			);
			name = UnitTest_macOS;
			packageProductDependencies = (
			);
			productName = UnitTest_macOS;
			productReference = 05FA0E582E02664300FB254C /* UnitTest_macOS.app */;
			productType = "com.apple.product-type.application";
		};
/* End PBXNativeTarget section */

/* Begin PBXProject section */
		05E137912DFD5D8100D668A1 /* Project object */ = {
			isa = PBXProject;
			attributes = {
				BuildIndependentTargetsInParallel = 1;
				LastSwiftUpdateCheck = 1640;
				LastUpgradeCheck = 1640;
				TargetAttributes = {
					059207F32E0A4CE600E19709 = {
						CreatedOnToolsVersion = 16.4;
					};
					05E137992DFD5D8100D668A1 = {
						CreatedOnToolsVersion = 16.4;
					};
					05E137AA2DFD5DD400D668A1 = {
						CreatedOnToolsVersion = 16.4;
					};
					05E137B42DFD5E0200D668A1 = {
						CreatedOnToolsVersion = 16.4;
					};
					05FA0E572E02664300FB254C = {
						CreatedOnToolsVersion = 16.4;
					};
				};
			};
			buildConfigurationList = 05E137942DFD5D8100D668A1 /* Build configuration list for PBXProject "MultiFrameKit" */;
			developmentRegion = en;
			hasScannedForEncodings = 0;
			knownRegions = (
				en,
				Base,
			);
			mainGroup = 05E137902DFD5D8100D668A1;
			minimizedProjectReferenceProxies = 1;
			preferredProjectObjectVersion = 77;
			productRefGroup = 05E1379B2DFD5D8100D668A1 /* Products */;
			projectDirPath = "";
			projectRoot = "";
			targets = (
				05E137992DFD5D8100D668A1 /* MultiFrameKit_macOS */,
				05E137AA2DFD5DD400D668A1 /* MultiFrameKit_iOS */,
				05E137B42DFD5E0200D668A1 /* Install */,
				05FA0E572E02664300FB254C /* UnitTest_macOS */,
				059207F32E0A4CE600E19709 /* UnitTest_iOS */,
			);
		};
/* End PBXProject section */

/* Begin PBXResourcesBuildPhase section */
		059207F22E0A4CE600E19709 /* Resources */ = {
			isa = PBXResourcesBuildPhase;
			buildActionMask = 2147483647;
			files = (
			);
			runOnlyForDeploymentPostprocessing = 0;
		};
		05FA0E562E02664300FB254C /* Resources */ = {
			isa = PBXResourcesBuildPhase;
			buildActionMask = 2147483647;
			files = (
			);
			runOnlyForDeploymentPostprocessing = 0;
		};
/* End PBXResourcesBuildPhase section */

/* Begin PBXSourcesBuildPhase section */
		059207F02E0A4CE600E19709 /* Sources */ = {
			isa = PBXSourcesBuildPhase;
			buildActionMask = 2147483647;
			files = (
			);
			runOnlyForDeploymentPostprocessing = 0;
		};
		05E137962DFD5D8100D668A1 /* Sources */ = {
			isa = PBXSourcesBuildPhase;
			buildActionMask = 2147483647;
			files = (
				05BDD2E22DFD866900D4372C /* MFObserverDictionary.swift in Sources */,
				059649202E5AEF03003A2595 /* MFImageView.swift in Sources */,
				05B0FB3D2E31387C00C7FAC6 /* MFStack.swift in Sources */,
				05E346DA2E2BBABA009DFD0D /* MFDropView.swift in Sources */,
				0519CD522DFEB35B004926F8 /* MFNativeValue.swift in Sources */,
				05A0FC392E2558940021DF4A /* MFButton.swift in Sources */,
				05BDD2C32DFD678F00D4372C /* MFFrame.swift in Sources */,
				05CED89E2E06CC110028C549 /* MFConsole.swift in Sources */,
				0544D2162E27E66B00D67A4F /* MFContext.swift in Sources */,
				05FA0E532DFF0F7D00FB254C /* MFScriptValue.swift in Sources */,
			);
			runOnlyForDeploymentPostprocessing = 0;
		};
		05E137A72DFD5DD400D668A1 /* Sources */ = {
			isa = PBXSourcesBuildPhase;
			buildActionMask = 2147483647;
			files = (
				05BDD2E12DFD866900D4372C /* MFObserverDictionary.swift in Sources */,
				0596491F2E5AEF03003A2595 /* MFImageView.swift in Sources */,
				05B0FB3E2E31387C00C7FAC6 /* MFStack.swift in Sources */,
				05E346DB2E2BBABA009DFD0D /* MFDropView.swift in Sources */,
				05A0FC382E2558940021DF4A /* MFButton.swift in Sources */,
				0519CD512DFEB35B004926F8 /* MFNativeValue.swift in Sources */,
				05BDD2C42DFD678F00D4372C /* MFFrame.swift in Sources */,
				05CED89F2E06CC110028C549 /* MFConsole.swift in Sources */,
				05FA0E522DFF0F7D00FB254C /* MFScriptValue.swift in Sources */,
				0544D2172E27E66B00D67A4F /* MFContext.swift in Sources */,
			);
			runOnlyForDeploymentPostprocessing = 0;
		};
		05FA0E542E02664300FB254C /* Sources */ = {
			isa = PBXSourcesBuildPhase;
			buildActionMask = 2147483647;
			files = (
			);
			runOnlyForDeploymentPostprocessing = 0;
		};
/* End PBXSourcesBuildPhase section */

/* Begin PBXTargetDependency section */
		05E137B92DFD5E0B00D668A1 /* PBXTargetDependency */ = {
			isa = PBXTargetDependency;
			target = 05E137AA2DFD5DD400D668A1 /* MultiFrameKit_iOS */;
			targetProxy = 05E137B82DFD5E0B00D668A1 /* PBXContainerItemProxy */;
		};
		05E137BB2DFD5E0B00D668A1 /* PBXTargetDependency */ = {
			isa = PBXTargetDependency;
			target = 05E137992DFD5D8100D668A1 /* MultiFrameKit_macOS */;
			targetProxy = 05E137BA2DFD5E0B00D668A1 /* PBXContainerItemProxy */;
		};
/* End PBXTargetDependency section */

/* Begin XCBuildConfiguration section */
		059208052E0A4CE800E19709 /* Debug */ = {
			isa = XCBuildConfiguration;
			buildSettings = {
				ASSETCATALOG_COMPILER_APPICON_NAME = AppIcon;
				ASSETCATALOG_COMPILER_GLOBAL_ACCENT_COLOR_NAME = AccentColor;
				CODE_SIGN_STYLE = Automatic;
				CURRENT_PROJECT_VERSION = 1;
				DEVELOPMENT_TEAM = TR2DNF3P93;
				GENERATE_INFOPLIST_FILE = YES;
				INFOPLIST_FILE = ../Test/UnitTest_iOS/Info.plist;
				INFOPLIST_KEY_UIApplicationSupportsIndirectInputEvents = YES;
				INFOPLIST_KEY_UILaunchStoryboardName = LaunchScreen;
				INFOPLIST_KEY_UIMainStoryboardFile = Main;
				INFOPLIST_KEY_UISupportedInterfaceOrientations_iPad = "UIInterfaceOrientationPortrait UIInterfaceOrientationPortraitUpsideDown UIInterfaceOrientationLandscapeLeft UIInterfaceOrientationLandscapeRight";
				INFOPLIST_KEY_UISupportedInterfaceOrientations_iPhone = "UIInterfaceOrientationPortrait UIInterfaceOrientationLandscapeLeft UIInterfaceOrientationLandscapeRight";
				IPHONEOS_DEPLOYMENT_TARGET = 18.5;
				LD_RUNPATH_SEARCH_PATHS = (
					"$(inherited)",
					"@executable_path/Frameworks",
				);
				MARKETING_VERSION = 1.0;
				PRODUCT_BUNDLE_IDENTIFIER = "com.github.steel-wheels.MultiFrameKit.UnitTest.iOS.UnitTest-iOS";
				PRODUCT_NAME = "$(TARGET_NAME)";
				SDKROOT = iphoneos;
				SWIFT_EMIT_LOC_STRINGS = YES;
				SWIFT_VERSION = 5.0;
				TARGETED_DEVICE_FAMILY = "1,2";
			};
			name = Debug;
		};
		059208062E0A4CE800E19709 /* Release */ = {
			isa = XCBuildConfiguration;
			buildSettings = {
				ASSETCATALOG_COMPILER_APPICON_NAME = AppIcon;
				ASSETCATALOG_COMPILER_GLOBAL_ACCENT_COLOR_NAME = AccentColor;
				CODE_SIGN_STYLE = Automatic;
				CURRENT_PROJECT_VERSION = 1;
				DEVELOPMENT_TEAM = TR2DNF3P93;
				GENERATE_INFOPLIST_FILE = YES;
				INFOPLIST_FILE = ../Test/UnitTest_iOS/Info.plist;
				INFOPLIST_KEY_UIApplicationSupportsIndirectInputEvents = YES;
				INFOPLIST_KEY_UILaunchStoryboardName = LaunchScreen;
				INFOPLIST_KEY_UIMainStoryboardFile = Main;
				INFOPLIST_KEY_UISupportedInterfaceOrientations_iPad = "UIInterfaceOrientationPortrait UIInterfaceOrientationPortraitUpsideDown UIInterfaceOrientationLandscapeLeft UIInterfaceOrientationLandscapeRight";
				INFOPLIST_KEY_UISupportedInterfaceOrientations_iPhone = "UIInterfaceOrientationPortrait UIInterfaceOrientationLandscapeLeft UIInterfaceOrientationLandscapeRight";
				IPHONEOS_DEPLOYMENT_TARGET = 18.5;
				LD_RUNPATH_SEARCH_PATHS = (
					"$(inherited)",
					"@executable_path/Frameworks",
				);
				MARKETING_VERSION = 1.0;
				PRODUCT_BUNDLE_IDENTIFIER = "com.github.steel-wheels.MultiFrameKit.UnitTest.iOS.UnitTest-iOS";
				PRODUCT_NAME = "$(TARGET_NAME)";
				SDKROOT = iphoneos;
				SWIFT_EMIT_LOC_STRINGS = YES;
				SWIFT_VERSION = 5.0;
				TARGETED_DEVICE_FAMILY = "1,2";
				VALIDATE_PRODUCT = YES;
			};
			name = Release;
		};
		05E137A12DFD5D8100D668A1 /* Debug */ = {
			isa = XCBuildConfiguration;
			buildSettings = {
				ALWAYS_SEARCH_USER_PATHS = NO;
				ASSETCATALOG_COMPILER_GENERATE_SWIFT_ASSET_SYMBOL_EXTENSIONS = YES;
				CLANG_ANALYZER_NONNULL = YES;
				CLANG_ANALYZER_NUMBER_OBJECT_CONVERSION = YES_AGGRESSIVE;
				CLANG_CXX_LANGUAGE_STANDARD = "gnu++20";
				CLANG_ENABLE_MODULES = YES;
				CLANG_ENABLE_OBJC_ARC = YES;
				CLANG_ENABLE_OBJC_WEAK = YES;
				CLANG_WARN_BLOCK_CAPTURE_AUTORELEASING = YES;
				CLANG_WARN_BOOL_CONVERSION = YES;
				CLANG_WARN_COMMA = YES;
				CLANG_WARN_CONSTANT_CONVERSION = YES;
				CLANG_WARN_DEPRECATED_OBJC_IMPLEMENTATIONS = YES;
				CLANG_WARN_DIRECT_OBJC_ISA_USAGE = YES_ERROR;
				CLANG_WARN_DOCUMENTATION_COMMENTS = YES;
				CLANG_WARN_EMPTY_BODY = YES;
				CLANG_WARN_ENUM_CONVERSION = YES;
				CLANG_WARN_INFINITE_RECURSION = YES;
				CLANG_WARN_INT_CONVERSION = YES;
				CLANG_WARN_NON_LITERAL_NULL_CONVERSION = YES;
				CLANG_WARN_OBJC_IMPLICIT_RETAIN_SELF = YES;
				CLANG_WARN_OBJC_LITERAL_CONVERSION = YES;
				CLANG_WARN_OBJC_ROOT_CLASS = YES_ERROR;
				CLANG_WARN_QUOTED_INCLUDE_IN_FRAMEWORK_HEADER = YES;
				CLANG_WARN_RANGE_LOOP_ANALYSIS = YES;
				CLANG_WARN_STRICT_PROTOTYPES = YES;
				CLANG_WARN_SUSPICIOUS_MOVE = YES;
				CLANG_WARN_UNGUARDED_AVAILABILITY = YES_AGGRESSIVE;
				CLANG_WARN_UNREACHABLE_CODE = YES;
				CLANG_WARN__DUPLICATE_METHOD_MATCH = YES;
				COPY_PHASE_STRIP = NO;
				CURRENT_PROJECT_VERSION = 1;
				DEBUG_INFORMATION_FORMAT = dwarf;
				DEVELOPMENT_TEAM = TR2DNF3P93;
				ENABLE_STRICT_OBJC_MSGSEND = YES;
				ENABLE_TESTABILITY = YES;
				ENABLE_USER_SCRIPT_SANDBOXING = YES;
				GCC_C_LANGUAGE_STANDARD = gnu17;
				GCC_DYNAMIC_NO_PIC = NO;
				GCC_NO_COMMON_BLOCKS = YES;
				GCC_OPTIMIZATION_LEVEL = 0;
				GCC_PREPROCESSOR_DEFINITIONS = (
					"DEBUG=1",
					"$(inherited)",
				);
				GCC_WARN_64_TO_32_BIT_CONVERSION = YES;
				GCC_WARN_ABOUT_RETURN_TYPE = YES_ERROR;
				GCC_WARN_UNDECLARED_SELECTOR = YES;
				GCC_WARN_UNINITIALIZED_AUTOS = YES_AGGRESSIVE;
				GCC_WARN_UNUSED_FUNCTION = YES;
				GCC_WARN_UNUSED_VARIABLE = YES;
				LOCALIZATION_PREFERS_STRING_CATALOGS = YES;
				MACOSX_DEPLOYMENT_TARGET = 15.5;
				MTL_ENABLE_DEBUG_INFO = INCLUDE_SOURCE;
				MTL_FAST_MATH = YES;
				ONLY_ACTIVE_ARCH = YES;
				SDKROOT = macosx;
				SWIFT_ACTIVE_COMPILATION_CONDITIONS = "DEBUG $(inherited)";
				SWIFT_OPTIMIZATION_LEVEL = "-Onone";
				VERSIONING_SYSTEM = "apple-generic";
				VERSION_INFO_PREFIX = "";
			};
			name = Debug;
		};
		05E137A22DFD5D8100D668A1 /* Release */ = {
			isa = XCBuildConfiguration;
			buildSettings = {
				ALWAYS_SEARCH_USER_PATHS = NO;
				ASSETCATALOG_COMPILER_GENERATE_SWIFT_ASSET_SYMBOL_EXTENSIONS = YES;
				CLANG_ANALYZER_NONNULL = YES;
				CLANG_ANALYZER_NUMBER_OBJECT_CONVERSION = YES_AGGRESSIVE;
				CLANG_CXX_LANGUAGE_STANDARD = "gnu++20";
				CLANG_ENABLE_MODULES = YES;
				CLANG_ENABLE_OBJC_ARC = YES;
				CLANG_ENABLE_OBJC_WEAK = YES;
				CLANG_WARN_BLOCK_CAPTURE_AUTORELEASING = YES;
				CLANG_WARN_BOOL_CONVERSION = YES;
				CLANG_WARN_COMMA = YES;
				CLANG_WARN_CONSTANT_CONVERSION = YES;
				CLANG_WARN_DEPRECATED_OBJC_IMPLEMENTATIONS = YES;
				CLANG_WARN_DIRECT_OBJC_ISA_USAGE = YES_ERROR;
				CLANG_WARN_DOCUMENTATION_COMMENTS = YES;
				CLANG_WARN_EMPTY_BODY = YES;
				CLANG_WARN_ENUM_CONVERSION = YES;
				CLANG_WARN_INFINITE_RECURSION = YES;
				CLANG_WARN_INT_CONVERSION = YES;
				CLANG_WARN_NON_LITERAL_NULL_CONVERSION = YES;
				CLANG_WARN_OBJC_IMPLICIT_RETAIN_SELF = YES;
				CLANG_WARN_OBJC_LITERAL_CONVERSION = YES;
				CLANG_WARN_OBJC_ROOT_CLASS = YES_ERROR;
				CLANG_WARN_QUOTED_INCLUDE_IN_FRAMEWORK_HEADER = YES;
				CLANG_WARN_RANGE_LOOP_ANALYSIS = YES;
				CLANG_WARN_STRICT_PROTOTYPES = YES;
				CLANG_WARN_SUSPICIOUS_MOVE = YES;
				CLANG_WARN_UNGUARDED_AVAILABILITY = YES_AGGRESSIVE;
				CLANG_WARN_UNREACHABLE_CODE = YES;
				CLANG_WARN__DUPLICATE_METHOD_MATCH = YES;
				COPY_PHASE_STRIP = NO;
				CURRENT_PROJECT_VERSION = 1;
				DEBUG_INFORMATION_FORMAT = "dwarf-with-dsym";
				DEVELOPMENT_TEAM = TR2DNF3P93;
				ENABLE_NS_ASSERTIONS = NO;
				ENABLE_STRICT_OBJC_MSGSEND = YES;
				ENABLE_USER_SCRIPT_SANDBOXING = YES;
				GCC_C_LANGUAGE_STANDARD = gnu17;
				GCC_NO_COMMON_BLOCKS = YES;
				GCC_WARN_64_TO_32_BIT_CONVERSION = YES;
				GCC_WARN_ABOUT_RETURN_TYPE = YES_ERROR;
				GCC_WARN_UNDECLARED_SELECTOR = YES;
				GCC_WARN_UNINITIALIZED_AUTOS = YES_AGGRESSIVE;
				GCC_WARN_UNUSED_FUNCTION = YES;
				GCC_WARN_UNUSED_VARIABLE = YES;
				LOCALIZATION_PREFERS_STRING_CATALOGS = YES;
				MACOSX_DEPLOYMENT_TARGET = 15.5;
				MTL_ENABLE_DEBUG_INFO = NO;
				MTL_FAST_MATH = YES;
				SDKROOT = macosx;
				SWIFT_COMPILATION_MODE = wholemodule;
				VERSIONING_SYSTEM = "apple-generic";
				VERSION_INFO_PREFIX = "";
			};
			name = Release;
		};
		05E137A42DFD5D8100D668A1 /* Debug */ = {
			isa = XCBuildConfiguration;
			buildSettings = {
				BUILD_LIBRARY_FOR_DISTRIBUTION = YES;
				CODE_SIGN_STYLE = Automatic;
				COMBINE_HIDPI_IMAGES = YES;
				CURRENT_PROJECT_VERSION = 1;
				DEVELOPMENT_TEAM = TR2DNF3P93;
				DYLIB_COMPATIBILITY_VERSION = 1;
				DYLIB_CURRENT_VERSION = 1;
				DYLIB_INSTALL_NAME_BASE = "@rpath";
				ENABLE_MODULE_VERIFIER = YES;
				GCC_OPTIMIZATION_LEVEL = 1;
				GENERATE_INFOPLIST_FILE = YES;
				INFOPLIST_KEY_NSHumanReadableCopyright = "";
				INSTALL_PATH = "$(HOME)/Library/Frameworks";
				LD_RUNPATH_SEARCH_PATHS = (
					"$(inherited)",
					"@executable_path/../Frameworks",
					"@loader_path/Frameworks",
				);
				MARKETING_VERSION = 1.0;
				MODULE_VERIFIER_SUPPORTED_LANGUAGES = "objective-c objective-c++";
				MODULE_VERIFIER_SUPPORTED_LANGUAGE_STANDARDS = "gnu17 gnu++20";
				PRODUCT_BUNDLE_IDENTIFIER = "com.github.steel-wheels.MIFrame.macOS.MultiFrameKit";
				PRODUCT_NAME = MultiFrameKit;
				SKIP_INSTALL = YES;
				SWIFT_EMIT_LOC_STRINGS = YES;
				SWIFT_INSTALL_MODULE = YES;
				SWIFT_INSTALL_OBJC_HEADER = NO;
				SWIFT_OPTIMIZATION_LEVEL = "-O";
				SWIFT_VERSION = 6.0;
			};
			name = Debug;
		};
		05E137A52DFD5D8100D668A1 /* Release */ = {
			isa = XCBuildConfiguration;
			buildSettings = {
				BUILD_LIBRARY_FOR_DISTRIBUTION = YES;
				CODE_SIGN_STYLE = Automatic;
				COMBINE_HIDPI_IMAGES = YES;
				CURRENT_PROJECT_VERSION = 1;
				DEVELOPMENT_TEAM = TR2DNF3P93;
				DYLIB_COMPATIBILITY_VERSION = 1;
				DYLIB_CURRENT_VERSION = 1;
				DYLIB_INSTALL_NAME_BASE = "@rpath";
				ENABLE_MODULE_VERIFIER = YES;
				GCC_OPTIMIZATION_LEVEL = 1;
				GENERATE_INFOPLIST_FILE = YES;
				INFOPLIST_KEY_NSHumanReadableCopyright = "";
				INSTALL_PATH = "$(HOME)/Library/Frameworks";
				LD_RUNPATH_SEARCH_PATHS = (
					"$(inherited)",
					"@executable_path/../Frameworks",
					"@loader_path/Frameworks",
				);
				MARKETING_VERSION = 1.0;
				MODULE_VERIFIER_SUPPORTED_LANGUAGES = "objective-c objective-c++";
				MODULE_VERIFIER_SUPPORTED_LANGUAGE_STANDARDS = "gnu17 gnu++20";
				PRODUCT_BUNDLE_IDENTIFIER = "com.github.steel-wheels.MIFrame.macOS.MultiFrameKit";
				PRODUCT_NAME = MultiFrameKit;
				SKIP_INSTALL = YES;
				SWIFT_EMIT_LOC_STRINGS = YES;
				SWIFT_INSTALL_MODULE = YES;
				SWIFT_INSTALL_OBJC_HEADER = NO;
				SWIFT_OPTIMIZATION_LEVEL = "-O";
				SWIFT_VERSION = 6.0;
			};
			name = Release;
		};
		05E137B22DFD5DD400D668A1 /* Debug */ = {
			isa = XCBuildConfiguration;
			buildSettings = {
				BUILD_LIBRARY_FOR_DISTRIBUTION = YES;
				CODE_SIGN_STYLE = Automatic;
				CURRENT_PROJECT_VERSION = 1;
				DEVELOPMENT_TEAM = TR2DNF3P93;
				DYLIB_COMPATIBILITY_VERSION = 1;
				DYLIB_CURRENT_VERSION = 1;
				DYLIB_INSTALL_NAME_BASE = "@rpath";
				ENABLE_MODULE_VERIFIER = YES;
				GCC_OPTIMIZATION_LEVEL = 1;
				GENERATE_INFOPLIST_FILE = YES;
				INFOPLIST_KEY_NSHumanReadableCopyright = "";
				INSTALL_PATH = "$(HOME)/Library/Frameworks";
				IPHONEOS_DEPLOYMENT_TARGET = 18.5;
				LD_RUNPATH_SEARCH_PATHS = (
					"$(inherited)",
					"@executable_path/Frameworks",
					"@loader_path/Frameworks",
				);
				MARKETING_VERSION = 1.0;
				MODULE_VERIFIER_SUPPORTED_LANGUAGES = "objective-c objective-c++";
				MODULE_VERIFIER_SUPPORTED_LANGUAGE_STANDARDS = "gnu17 gnu++20";
				PRODUCT_BUNDLE_IDENTIFIER = "com.github.steel-wheels.MIFrame.iOS.MultiFrameKit-iOS";
				PRODUCT_NAME = MultiFrameKit;
				SDKROOT = iphoneos;
				SKIP_INSTALL = YES;
				SUPPORTED_PLATFORMS = "iphoneos iphonesimulator";
				SUPPORTS_MACCATALYST = NO;
				SUPPORTS_MAC_DESIGNED_FOR_IPHONE_IPAD = NO;
				SWIFT_EMIT_LOC_STRINGS = YES;
				SWIFT_INSTALL_MODULE = YES;
				SWIFT_INSTALL_OBJC_HEADER = NO;
				SWIFT_OPTIMIZATION_LEVEL = "-O";
				SWIFT_VERSION = 6.0;
				TARGETED_DEVICE_FAMILY = "1,2";
			};
			name = Debug;
		};
		05E137B32DFD5DD400D668A1 /* Release */ = {
			isa = XCBuildConfiguration;
			buildSettings = {
				BUILD_LIBRARY_FOR_DISTRIBUTION = YES;
				CODE_SIGN_STYLE = Automatic;
				CURRENT_PROJECT_VERSION = 1;
				DEVELOPMENT_TEAM = TR2DNF3P93;
				DYLIB_COMPATIBILITY_VERSION = 1;
				DYLIB_CURRENT_VERSION = 1;
				DYLIB_INSTALL_NAME_BASE = "@rpath";
				ENABLE_MODULE_VERIFIER = YES;
				GCC_OPTIMIZATION_LEVEL = 1;
				GENERATE_INFOPLIST_FILE = YES;
				INFOPLIST_KEY_NSHumanReadableCopyright = "";
				INSTALL_PATH = "$(HOME)/Library/Frameworks";
				IPHONEOS_DEPLOYMENT_TARGET = 18.5;
				LD_RUNPATH_SEARCH_PATHS = (
					"$(inherited)",
					"@executable_path/Frameworks",
					"@loader_path/Frameworks",
				);
				MARKETING_VERSION = 1.0;
				MODULE_VERIFIER_SUPPORTED_LANGUAGES = "objective-c objective-c++";
				MODULE_VERIFIER_SUPPORTED_LANGUAGE_STANDARDS = "gnu17 gnu++20";
				PRODUCT_BUNDLE_IDENTIFIER = "com.github.steel-wheels.MIFrame.iOS.MultiFrameKit-iOS";
				PRODUCT_NAME = MultiFrameKit;
				SDKROOT = iphoneos;
				SKIP_INSTALL = YES;
				SUPPORTED_PLATFORMS = "iphoneos iphonesimulator";
				SUPPORTS_MACCATALYST = NO;
				SUPPORTS_MAC_DESIGNED_FOR_IPHONE_IPAD = NO;
				SWIFT_EMIT_LOC_STRINGS = YES;
				SWIFT_INSTALL_MODULE = YES;
				SWIFT_INSTALL_OBJC_HEADER = NO;
				SWIFT_OPTIMIZATION_LEVEL = "-O";
				SWIFT_VERSION = 6.0;
				TARGETED_DEVICE_FAMILY = "1,2";
				VALIDATE_PRODUCT = YES;
			};
			name = Release;
		};
		05E137B62DFD5E0200D668A1 /* Debug */ = {
			isa = XCBuildConfiguration;
			buildSettings = {
				CODE_SIGN_STYLE = Automatic;
				DEBUGGING_SYMBOLS = YES;
				DEBUG_INFORMATION_FORMAT = dwarf;
				DEVELOPMENT_TEAM = TR2DNF3P93;
				GCC_GENERATE_DEBUGGING_SYMBOLS = YES;
				GCC_OPTIMIZATION_LEVEL = 0;
				OTHER_CFLAGS = "";
				OTHER_LDFLAGS = "";
				PRODUCT_NAME = "$(TARGET_NAME)";
			};
			name = Debug;
		};
		05E137B72DFD5E0200D668A1 /* Release */ = {
			isa = XCBuildConfiguration;
			buildSettings = {
				CODE_SIGN_STYLE = Automatic;
				DEBUG_INFORMATION_FORMAT = "dwarf-with-dsym";
				DEVELOPMENT_TEAM = TR2DNF3P93;
				OTHER_CFLAGS = "";
				OTHER_LDFLAGS = "";
				PRODUCT_NAME = "$(TARGET_NAME)";
			};
			name = Release;
		};
		05FA0E652E02664500FB254C /* Debug */ = {
			isa = XCBuildConfiguration;
			buildSettings = {
				ASSETCATALOG_COMPILER_APPICON_NAME = AppIcon;
				ASSETCATALOG_COMPILER_GLOBAL_ACCENT_COLOR_NAME = AccentColor;
				CODE_SIGN_ENTITLEMENTS = ../Test/UnitTest_macOS/UnitTest_macOS.entitlements;
				CODE_SIGN_STYLE = Automatic;
				COMBINE_HIDPI_IMAGES = YES;
				CURRENT_PROJECT_VERSION = 1;
				DEVELOPMENT_TEAM = TR2DNF3P93;
				ENABLE_HARDENED_RUNTIME = YES;
				GCC_OPTIMIZATION_LEVEL = 1;
				GENERATE_INFOPLIST_FILE = YES;
				INFOPLIST_KEY_NSHumanReadableCopyright = "";
				INFOPLIST_KEY_NSMainStoryboardFile = Main;
				INFOPLIST_KEY_NSPrincipalClass = NSApplication;
				LD_RUNPATH_SEARCH_PATHS = (
					"$(inherited)",
					"@executable_path/../Frameworks",
				);
				MARKETING_VERSION = 1.0;
				PRODUCT_BUNDLE_IDENTIFIER = "com.github.steel-wheels.MIFrame.install.UnitTest-macOS";
				PRODUCT_NAME = "$(TARGET_NAME)";
				REGISTER_APP_GROUPS = YES;
				SWIFT_EMIT_LOC_STRINGS = YES;
				SWIFT_VERSION = 5.0;
			};
			name = Debug;
		};
		05FA0E662E02664500FB254C /* Release */ = {
			isa = XCBuildConfiguration;
			buildSettings = {
				ASSETCATALOG_COMPILER_APPICON_NAME = AppIcon;
				ASSETCATALOG_COMPILER_GLOBAL_ACCENT_COLOR_NAME = AccentColor;
				CODE_SIGN_ENTITLEMENTS = ../Test/UnitTest_macOS/UnitTest_macOS.entitlements;
				CODE_SIGN_STYLE = Automatic;
				COMBINE_HIDPI_IMAGES = YES;
				CURRENT_PROJECT_VERSION = 1;
				DEVELOPMENT_TEAM = TR2DNF3P93;
				ENABLE_HARDENED_RUNTIME = YES;
				GCC_OPTIMIZATION_LEVEL = 1;
				GENERATE_INFOPLIST_FILE = YES;
				INFOPLIST_KEY_NSHumanReadableCopyright = "";
				INFOPLIST_KEY_NSMainStoryboardFile = Main;
				INFOPLIST_KEY_NSPrincipalClass = NSApplication;
				LD_RUNPATH_SEARCH_PATHS = (
					"$(inherited)",
					"@executable_path/../Frameworks",
				);
				MARKETING_VERSION = 1.0;
				PRODUCT_BUNDLE_IDENTIFIER = "com.github.steel-wheels.MIFrame.install.UnitTest-macOS";
				PRODUCT_NAME = "$(TARGET_NAME)";
				REGISTER_APP_GROUPS = YES;
				SWIFT_EMIT_LOC_STRINGS = YES;
				SWIFT_VERSION = 5.0;
			};
			name = Release;
		};
/* End XCBuildConfiguration section */

/* Begin XCConfigurationList section */
		059208082E0A4CE800E19709 /* Build configuration list for PBXNativeTarget "UnitTest_iOS" */ = {
			isa = XCConfigurationList;
			buildConfigurations = (
				059208052E0A4CE800E19709 /* Debug */,
				059208062E0A4CE800E19709 /* Release */,
			);
			defaultConfigurationIsVisible = 0;
			defaultConfigurationName = Release;
		};
		05E137942DFD5D8100D668A1 /* Build configuration list for PBXProject "MultiFrameKit" */ = {
			isa = XCConfigurationList;
			buildConfigurations = (
				05E137A12DFD5D8100D668A1 /* Debug */,
				05E137A22DFD5D8100D668A1 /* Release */,
			);
			defaultConfigurationIsVisible = 0;
			defaultConfigurationName = Release;
		};
		05E137A32DFD5D8100D668A1 /* Build configuration list for PBXNativeTarget "MultiFrameKit_macOS" */ = {
			isa = XCConfigurationList;
			buildConfigurations = (
				05E137A42DFD5D8100D668A1 /* Debug */,
				05E137A52DFD5D8100D668A1 /* Release */,
			);
			defaultConfigurationIsVisible = 0;
			defaultConfigurationName = Release;
		};
		05E137B12DFD5DD400D668A1 /* Build configuration list for PBXNativeTarget "MultiFrameKit_iOS" */ = {
			isa = XCConfigurationList;
			buildConfigurations = (
				05E137B22DFD5DD400D668A1 /* Debug */,
				05E137B32DFD5DD400D668A1 /* Release */,
			);
			defaultConfigurationIsVisible = 0;
			defaultConfigurationName = Release;
		};
		05E137B52DFD5E0200D668A1 /* Build configuration list for PBXLegacyTarget "Install" */ = {
			isa = XCConfigurationList;
			buildConfigurations = (
				05E137B62DFD5E0200D668A1 /* Debug */,
				05E137B72DFD5E0200D668A1 /* Release */,
			);
			defaultConfigurationIsVisible = 0;
			defaultConfigurationName = Release;
		};
		05FA0E642E02664500FB254C /* Build configuration list for PBXNativeTarget "UnitTest_macOS" */ = {
			isa = XCConfigurationList;
			buildConfigurations = (
				05FA0E652E02664500FB254C /* Debug */,
				05FA0E662E02664500FB254C /* Release */,
			);
			defaultConfigurationIsVisible = 0;
			defaultConfigurationName = Release;
		};
/* End XCConfigurationList section */
	};
	rootObject = 05E137912DFD5D8100D668A1 /* Project object */;
}
